
Microsoft Visual Studio Solution File, Format Version 12.00
# Visual Studio Version 17
VisualStudioVersion = 17.5.33424.131
MinimumVisualStudioVersion = 10.0.40219.1
Project("{FAE04EC0-301F-11D3-BF4B-00C04F79EFBC}") = "SierraTakeHome.Domain", "SierraTakeHome.Domain\SierraTakeHome.Domain.csproj", "{95EC9441-9081-4CF0-93AA-438853FD63F5}"
EndProject
Project("{FAE04EC0-301F-11D3-BF4B-00C04F79EFBC}") = "SierraTakeHome.Api", "SierraTakeHome.Api\SierraTakeHome.Api.csproj", "{813A3C04-B501-42BA-B18E-A859922B3F88}"
EndProject
Project("{E53339B2-1760-4266-BCC7-CA923CBCF16C}") = "docker-compose", "docker-compose.dcproj", "{5411F3E8-C151-4E1E-B038-11F808DCFB7D}"
EndProject
Global
	GlobalSection(SolutionConfigurationPlatforms) = preSolution
		Debug|Any CPU = Debug|Any CPU
		Release|Any CPU = Release|Any CPU
	EndGlobalSection
	GlobalSection(ProjectConfigurationPlatforms) = postSolution
		{95EC9441-9081-4CF0-93AA-438853FD63F5}.Debug|Any CPU.ActiveCfg = Debug|Any CPU
		{95EC9441-9081-4CF0-93AA-438853FD63F5}.Debug|Any CPU.Build.0 = Debug|Any CPU
		{95EC9441-9081-4CF0-93AA-438853FD63F5}.Release|Any CPU.ActiveCfg = Release|Any CPU
		{95EC9441-9081-4CF0-93AA-438853FD63F5}.Release|Any CPU.Build.0 = Release|Any CPU
		{813A3C04-B501-42BA-B18E-A859922B3F88}.Debug|Any CPU.ActiveCfg = Debug|Any CPU
		{813A3C04-B501-42BA-B18E-A859922B3F88}.Debug|Any CPU.Build.0 = Debug|Any CPU
		{813A3C04-B501-42BA-B18E-A859922B3F88}.Release|Any CPU.ActiveCfg = Release|Any CPU
		{813A3C04-B501-42BA-B18E-A859922B3F88}.Release|Any CPU.Build.0 = Release|Any CPU
		{5411F3E8-C151-4E1E-B038-11F808DCFB7D}.Debug|Any CPU.ActiveCfg = Debug|Any CPU
		{5411F3E8-C151-4E1E-B038-11F808DCFB7D}.Debug|Any CPU.Build.0 = Debug|Any CPU
		{5411F3E8-C151-4E1E-B038-11F808DCFB7D}.Release|Any CPU.ActiveCfg = Release|Any CPU
		{5411F3E8-C151-4E1E-B038-11F808DCFB7D}.Release|Any CPU.Build.0 = Release|Any CPU
	EndGlobalSection
	GlobalSection(SolutionProperties) = preSolution
		HideSolutionNode = FALSE
	EndGlobalSection
	GlobalSection(ExtensibilityGlobals) = postSolution
		SolutionGuid = {DAFDCAA2-36CE-4F19-9A24-55E66E568F28}
	EndGlobalSection
EndGlobal
